
Microsoft Visual Studio Solution File, Format Version 12.00
# Visual Studio Version 17
VisualStudioVersion = 17.9.34607.119
MinimumVisualStudioVersion = 10.0.40219.1
Project("{54A90642-561A-4BB1-A94E-469ADEE60C69}") = "mt-a", "MT-A\mt-a.esproj", "{36232E6B-761E-4D99-BFC4-926109818870}"
EndProject
Global
	GlobalSection(SolutionConfigurationPlatforms) = preSolution
		Debug|Any CPU = Debug|Any CPU
		Release|Any CPU = Release|Any CPU
	EndGlobalSection
	GlobalSection(ProjectConfigurationPlatforms) = postSolution
		{36232E6B-761E-4D99-BFC4-926109818870}.Debug|Any CPU.ActiveCfg = Debug|Any CPU
		{36232E6B-761E-4D99-BFC4-926109818870}.Debug|Any CPU.Build.0 = Debug|Any CPU
		{36232E6B-761E-4D99-BFC4-926109818870}.Debug|Any CPU.Deploy.0 = Debug|Any CPU
		{36232E6B-761E-4D99-BFC4-926109818870}.Release|Any CPU.ActiveCfg = Release|Any CPU
		{36232E6B-761E-4D99-BFC4-926109818870}.Release|Any CPU.Build.0 = Release|Any CPU
		{36232E6B-761E-4D99-BFC4-926109818870}.Release|Any CPU.Deploy.0 = Release|Any CPU
	EndGlobalSection
	GlobalSection(SolutionProperties) = preSolution
		HideSolutionNode = FALSE
	EndGlobalSection
	GlobalSection(ExtensibilityGlobals) = postSolution
		SolutionGuid = {6ED4AB4C-D9E9-4D84-9A21-D08B4FC258B1}
	EndGlobalSection
EndGlobal
